
Microsoft Visual Studio Solution File, Format Version 12.00
# Visual Studio 14
VisualStudioVersion = 14.0.23107.0
MinimumVisualStudioVersion = 10.0.40219.1
Project("{FAE04EC0-301F-11D3-BF4B-00C04F79EFBC}") = "WindowsFormsApplication1", "WindowsFormsApplication1\WindowsFormsApplication1.csproj", "{178D9E55-EEF5-4462-AB38-87E5F03F511E}"
EndProject
Global
	GlobalSection(SolutionConfigurationPlatforms) = preSolution
		Debug|Any CPU = Debug|Any CPU
		Release|Any CPU = Release|Any CPU
	EndGlobalSection
	GlobalSection(ProjectConfigurationPlatforms) = postSolution
		{178D9E55-EEF5-4462-AB38-87E5F03F511E}.Debug|Any CPU.ActiveCfg = Debug|Any CPU
		{178D9E55-EEF5-4462-AB38-87E5F03F511E}.Debug|Any CPU.Build.0 = Debug|Any CPU
		{178D9E55-EEF5-4462-AB38-87E5F03F511E}.Release|Any CPU.ActiveCfg = Release|Any CPU
		{178D9E55-EEF5-4462-AB38-87E5F03F511E}.Release|Any CPU.Build.0 = Release|Any CPU
	EndGlobalSection
	GlobalSection(SolutionProperties) = preSolution
		HideSolutionNode = FALSE
	EndGlobalSection
EndGlobal
